
Microsoft Visual Studio Solution File, Format Version 12.00
# Visual Studio 15
VisualStudioVersion = 15.0.27703.2018
MinimumVisualStudioVersion = 10.0.40219.1
Project("{FAE04EC0-301F-11D3-BF4B-00C04F79EFBC}") = "Xamarin.CustomViews.Android", "Xamarin.CustomViews\Xamarin.CustomViews.Android\Xamarin.CustomViews.Android.csproj", "{879537A5-5326-4A25-98AE-D843C1118CAB}"
EndProject
Project("{FAE04EC0-301F-11D3-BF4B-00C04F79EFBC}") = "Xamarin.CustomViews.iOS", "Xamarin.CustomViews\Xamarin.CustomViews.iOS\Xamarin.CustomViews.iOS.csproj", "{1D70904B-0181-4119-AA5E-1173372DBAEF}"
EndProject
Project("{9A19103F-16F7-4668-BE54-9A1E7A4F7556}") = "Xamarin.CustomViews", "Xamarin.CustomViews\Xamarin.CustomViews\Xamarin.CustomViews.csproj", "{AC245CB5-9AFF-4109-BEA4-AA71EE5E2A02}"
EndProject
Global
	GlobalSection(SolutionConfigurationPlatforms) = preSolution
		Ad-Hoc|Any CPU = Ad-Hoc|Any CPU
		Ad-Hoc|ARM = Ad-Hoc|ARM
		Ad-Hoc|iPhone = Ad-Hoc|iPhone
		Ad-Hoc|iPhoneSimulator = Ad-Hoc|iPhoneSimulator
		Ad-Hoc|x64 = Ad-Hoc|x64
		Ad-Hoc|x86 = Ad-Hoc|x86
		AppStore|Any CPU = AppStore|Any CPU
		AppStore|ARM = AppStore|ARM
		AppStore|iPhone = AppStore|iPhone
		AppStore|iPhoneSimulator = AppStore|iPhoneSimulator
		AppStore|x64 = AppStore|x64
		AppStore|x86 = AppStore|x86
		Debug|Any CPU = Debug|Any CPU
		Debug|ARM = Debug|ARM
		Debug|iPhone = Debug|iPhone
		Debug|iPhoneSimulator = Debug|iPhoneSimulator
		Debug|x64 = Debug|x64
		Debug|x86 = Debug|x86
		Release|Any CPU = Release|Any CPU
		Release|ARM = Release|ARM
		Release|iPhone = Release|iPhone
		Release|iPhoneSimulator = Release|iPhoneSimulator
		Release|x64 = Release|x64
		Release|x86 = Release|x86
	EndGlobalSection
	GlobalSection(ProjectConfigurationPlatforms) = postSolution
		{879537A5-5326-4A25-98AE-D843C1118CAB}.Ad-Hoc|Any CPU.ActiveCfg = Release|Any CPU
		{879537A5-5326-4A25-98AE-D843C1118CAB}.Ad-Hoc|Any CPU.Build.0 = Release|Any CPU
		{879537A5-5326-4A25-98AE-D843C1118CAB}.Ad-Hoc|Any CPU.Deploy.0 = Release|Any CPU
		{879537A5-5326-4A25-98AE-D843C1118CAB}.Ad-Hoc|ARM.ActiveCfg = Release|Any CPU
		{879537A5-5326-4A25-98AE-D843C1118CAB}.Ad-Hoc|ARM.Build.0 = Release|Any CPU
		{879537A5-5326-4A25-98AE-D843C1118CAB}.Ad-Hoc|ARM.Deploy.0 = Release|Any CPU
		{879537A5-5326-4A25-98AE-D843C1118CAB}.Ad-Hoc|iPhone.ActiveCfg = Release|Any CPU
		{879537A5-5326-4A25-98AE-D843C1118CAB}.Ad-Hoc|iPhone.Build.0 = Release|Any CPU
		{879537A5-5326-4A25-98AE-D843C1118CAB}.Ad-Hoc|iPhone.Deploy.0 = Release|Any CPU
		{879537A5-5326-4A25-98AE-D843C1118CAB}.Ad-Hoc|iPhoneSimulator.ActiveCfg = Release|Any CPU
		{879537A5-5326-4A25-98AE-D843C1118CAB}.Ad-Hoc|iPhoneSimulator.Build.0 = Release|Any CPU
		{879537A5-5326-4A25-98AE-D843C1118CAB}.Ad-Hoc|iPhoneSimulator.Deploy.0 = Release|Any CPU
		{879537A5-5326-4A25-98AE-D843C1118CAB}.Ad-Hoc|x64.ActiveCfg = Release|Any CPU
		{879537A5-5326-4A25-98AE-D843C1118CAB}.Ad-Hoc|x64.Build.0 = Release|Any CPU
		{879537A5-5326-4A25-98AE-D843C1118CAB}.Ad-Hoc|x64.Deploy.0 = Release|Any CPU
		{879537A5-5326-4A25-98AE-D843C1118CAB}.Ad-Hoc|x86.ActiveCfg = Release|Any CPU
		{879537A5-5326-4A25-98AE-D843C1118CAB}.Ad-Hoc|x86.Build.0 = Release|Any CPU
		{879537A5-5326-4A25-98AE-D843C1118CAB}.Ad-Hoc|x86.Deploy.0 = Release|Any CPU
		{879537A5-5326-4A25-98AE-D843C1118CAB}.AppStore|Any CPU.ActiveCfg = Release|Any CPU
		{879537A5-5326-4A25-98AE-D843C1118CAB}.AppStore|Any CPU.Build.0 = Release|Any CPU
		{879537A5-5326-4A25-98AE-D843C1118CAB}.AppStore|Any CPU.Deploy.0 = Release|Any CPU
		{879537A5-5326-4A25-98AE-D843C1118CAB}.AppStore|ARM.ActiveCfg = Release|Any CPU
		{879537A5-5326-4A25-98AE-D843C1118CAB}.AppStore|ARM.Build.0 = Release|Any CPU
		{879537A5-5326-4A25-98AE-D843C1118CAB}.AppStore|ARM.Deploy.0 = Release|Any CPU
		{879537A5-5326-4A25-98AE-D843C1118CAB}.AppStore|iPhone.ActiveCfg = Release|Any CPU
		{879537A5-5326-4A25-98AE-D843C1118CAB}.AppStore|iPhone.Build.0 = Release|Any CPU
		{879537A5-5326-4A25-98AE-D843C1118CAB}.AppStore|iPhone.Deploy.0 = Release|Any CPU
		{879537A5-5326-4A25-98AE-D843C1118CAB}.AppStore|iPhoneSimulator.ActiveCfg = Release|Any CPU
		{879537A5-5326-4A25-98AE-D843C1118CAB}.AppStore|iPhoneSimulator.Build.0 = Release|Any CPU
		{879537A5-5326-4A25-98AE-D843C1118CAB}.AppStore|iPhoneSimulator.Deploy.0 = Release|Any CPU
		{879537A5-5326-4A25-98AE-D843C1118CAB}.AppStore|x64.ActiveCfg = Release|Any CPU
		{879537A5-5326-4A25-98AE-D843C1118CAB}.AppStore|x64.Build.0 = Release|Any CPU
		{879537A5-5326-4A25-98AE-D843C1118CAB}.AppStore|x64.Deploy.0 = Release|Any CPU
		{879537A5-5326-4A25-98AE-D843C1118CAB}.AppStore|x86.ActiveCfg = Release|Any CPU
		{879537A5-5326-4A25-98AE-D843C1118CAB}.AppStore|x86.Build.0 = Release|Any CPU
		{879537A5-5326-4A25-98AE-D843C1118CAB}.AppStore|x86.Deploy.0 = Release|Any CPU
		{879537A5-5326-4A25-98AE-D843C1118CAB}.Debug|Any CPU.ActiveCfg = Debug|Any CPU
		{879537A5-5326-4A25-98AE-D843C1118CAB}.Debug|Any CPU.Build.0 = Debug|Any CPU
		{879537A5-5326-4A25-98AE-D843C1118CAB}.Debug|Any CPU.Deploy.0 = Debug|Any CPU
		{879537A5-5326-4A25-98AE-D843C1118CAB}.Debug|ARM.ActiveCfg = Debug|Any CPU
		{879537A5-5326-4A25-98AE-D843C1118CAB}.Debug|ARM.Build.0 = Debug|Any CPU
		{879537A5-5326-4A25-98AE-D843C1118CAB}.Debug|ARM.Deploy.0 = Debug|Any CPU
		{879537A5-5326-4A25-98AE-D843C1118CAB}.Debug|iPhone.ActiveCfg = Debug|Any CPU
		{879537A5-5326-4A25-98AE-D843C1118CAB}.Debug|iPhone.Build.0 = Debug|Any CPU
		{879537A5-5326-4A25-98AE-D843C1118CAB}.Debug|iPhone.Deploy.0 = Debug|Any CPU
		{879537A5-5326-4A25-98AE-D843C1118CAB}.Debug|iPhoneSimulator.ActiveCfg = Debug|Any CPU
		{879537A5-5326-4A25-98AE-D843C1118CAB}.Debug|iPhoneSimulator.Build.0 = Debug|Any CPU
		{879537A5-5326-4A25-98AE-D843C1118CAB}.Debug|iPhoneSimulator.Deploy.0 = Debug|Any CPU
		{879537A5-5326-4A25-98AE-D843C1118CAB}.Debug|x64.ActiveCfg = Debug|Any CPU
		{879537A5-5326-4A25-98AE-D843C1118CAB}.Debug|x64.Build.0 = Debug|Any CPU
		{879537A5-5326-4A25-98AE-D843C1118CAB}.Debug|x64.Deploy.0 = Debug|Any CPU
		{879537A5-5326-4A25-98AE-D843C1118CAB}.Debug|x86.ActiveCfg = Debug|Any CPU
		{879537A5-5326-4A25-98AE-D843C1118CAB}.Debug|x86.Build.0 = Debug|Any CPU
		{879537A5-5326-4A25-98AE-D843C1118CAB}.Debug|x86.Deploy.0 = Debug|Any CPU
		{879537A5-5326-4A25-98AE-D843C1118CAB}.Release|Any CPU.ActiveCfg = Release|Any CPU
		{879537A5-5326-4A25-98AE-D843C1118CAB}.Release|Any CPU.Build.0 = Release|Any CPU
		{879537A5-5326-4A25-98AE-D843C1118CAB}.Release|Any CPU.Deploy.0 = Release|Any CPU
		{879537A5-5326-4A25-98AE-D843C1118CAB}.Release|ARM.ActiveCfg = Release|Any CPU
		{879537A5-5326-4A25-98AE-D843C1118CAB}.Release|ARM.Build.0 = Release|Any CPU
		{879537A5-5326-4A25-98AE-D843C1118CAB}.Release|ARM.Deploy.0 = Release|Any CPU
		{879537A5-5326-4A25-98AE-D843C1118CAB}.Release|iPhone.ActiveCfg = Release|Any CPU
		{879537A5-5326-4A25-98AE-D843C1118CAB}.Release|iPhone.Build.0 = Release|Any CPU
		{879537A5-5326-4A25-98AE-D843C1118CAB}.Release|iPhone.Deploy.0 = Release|Any CPU
		{879537A5-5326-4A25-98AE-D843C1118CAB}.Release|iPhoneSimulator.ActiveCfg = Release|Any CPU
		{879537A5-5326-4A25-98AE-D843C1118CAB}.Release|iPhoneSimulator.Build.0 = Release|Any CPU
		{879537A5-5326-4A25-98AE-D843C1118CAB}.Release|iPhoneSimulator.Deploy.0 = Release|Any CPU
		{879537A5-5326-4A25-98AE-D843C1118CAB}.Release|x64.ActiveCfg = Release|Any CPU
		{879537A5-5326-4A25-98AE-D843C1118CAB}.Release|x64.Build.0 = Release|Any CPU
		{879537A5-5326-4A25-98AE-D843C1118CAB}.Release|x64.Deploy.0 = Release|Any CPU
		{879537A5-5326-4A25-98AE-D843C1118CAB}.Release|x86.ActiveCfg = Release|Any CPU
		{879537A5-5326-4A25-98AE-D843C1118CAB}.Release|x86.Build.0 = Release|Any CPU
		{879537A5-5326-4A25-98AE-D843C1118CAB}.Release|x86.Deploy.0 = Release|Any CPU
		{1D70904B-0181-4119-AA5E-1173372DBAEF}.Ad-Hoc|Any CPU.ActiveCfg = Ad-Hoc|iPhone
		{1D70904B-0181-4119-AA5E-1173372DBAEF}.Ad-Hoc|Any CPU.Build.0 = Ad-Hoc|iPhone
		{1D70904B-0181-4119-AA5E-1173372DBAEF}.Ad-Hoc|Any CPU.Deploy.0 = Ad-Hoc|iPhone
		{1D70904B-0181-4119-AA5E-1173372DBAEF}.Ad-Hoc|ARM.ActiveCfg = Ad-Hoc|iPhone
		{1D70904B-0181-4119-AA5E-1173372DBAEF}.Ad-Hoc|ARM.Build.0 = Ad-Hoc|iPhone
		{1D70904B-0181-4119-AA5E-1173372DBAEF}.Ad-Hoc|ARM.Deploy.0 = Ad-Hoc|iPhone
		{1D70904B-0181-4119-AA5E-1173372DBAEF}.Ad-Hoc|iPhone.ActiveCfg = Ad-Hoc|iPhone
		{1D70904B-0181-4119-AA5E-1173372DBAEF}.Ad-Hoc|iPhone.Build.0 = Ad-Hoc|iPhone
		{1D70904B-0181-4119-AA5E-1173372DBAEF}.Ad-Hoc|iPhone.Deploy.0 = Ad-Hoc|iPhone
		{1D70904B-0181-4119-AA5E-1173372DBAEF}.Ad-Hoc|iPhoneSimulator.ActiveCfg = Ad-Hoc|iPhoneSimulator
		{1D70904B-0181-4119-AA5E-1173372DBAEF}.Ad-Hoc|iPhoneSimulator.Build.0 = Ad-Hoc|iPhoneSimulator
		{1D70904B-0181-4119-AA5E-1173372DBAEF}.Ad-Hoc|iPhoneSimulator.Deploy.0 = Ad-Hoc|iPhoneSimulator
		{1D70904B-0181-4119-AA5E-1173372DBAEF}.Ad-Hoc|x64.ActiveCfg = Ad-Hoc|iPhone
		{1D70904B-0181-4119-AA5E-1173372DBAEF}.Ad-Hoc|x64.Build.0 = Ad-Hoc|iPhone
		{1D70904B-0181-4119-AA5E-1173372DBAEF}.Ad-Hoc|x64.Deploy.0 = Ad-Hoc|iPhone
		{1D70904B-0181-4119-AA5E-1173372DBAEF}.Ad-Hoc|x86.ActiveCfg = Ad-Hoc|iPhone
		{1D70904B-0181-4119-AA5E-1173372DBAEF}.Ad-Hoc|x86.Build.0 = Ad-Hoc|iPhone
		{1D70904B-0181-4119-AA5E-1173372DBAEF}.Ad-Hoc|x86.Deploy.0 = Ad-Hoc|iPhone
		{1D70904B-0181-4119-AA5E-1173372DBAEF}.AppStore|Any CPU.ActiveCfg = AppStore|iPhone
		{1D70904B-0181-4119-AA5E-1173372DBAEF}.AppStore|Any CPU.Build.0 = AppStore|iPhone
		{1D70904B-0181-4119-AA5E-1173372DBAEF}.AppStore|Any CPU.Deploy.0 = AppStore|iPhone
		{1D70904B-0181-4119-AA5E-1173372DBAEF}.AppStore|ARM.ActiveCfg = AppStore|iPhone
		{1D70904B-0181-4119-AA5E-1173372DBAEF}.AppStore|ARM.Build.0 = AppStore|iPhone
		{1D70904B-0181-4119-AA5E-1173372DBAEF}.AppStore|ARM.Deploy.0 = AppStore|iPhone
		{1D70904B-0181-4119-AA5E-1173372DBAEF}.AppStore|iPhone.ActiveCfg = AppStore|iPhone
		{1D70904B-0181-4119-AA5E-1173372DBAEF}.AppStore|iPhone.Build.0 = AppStore|iPhone
		{1D70904B-0181-4119-AA5E-1173372DBAEF}.AppStore|iPhone.Deploy.0 = AppStore|iPhone
		{1D70904B-0181-4119-AA5E-1173372DBAEF}.AppStore|iPhoneSimulator.ActiveCfg = AppStore|iPhoneSimulator
		{1D70904B-0181-4119-AA5E-1173372DBAEF}.AppStore|iPhoneSimulator.Build.0 = AppStore|iPhoneSimulator
		{1D70904B-0181-4119-AA5E-1173372DBAEF}.AppStore|iPhoneSimulator.Deploy.0 = AppStore|iPhoneSimulator
		{1D70904B-0181-4119-AA5E-1173372DBAEF}.AppStore|x64.ActiveCfg = AppStore|iPhone
		{1D70904B-0181-4119-AA5E-1173372DBAEF}.AppStore|x64.Build.0 = AppStore|iPhone
		{1D70904B-0181-4119-AA5E-1173372DBAEF}.AppStore|x64.Deploy.0 = AppStore|iPhone
		{1D70904B-0181-4119-AA5E-1173372DBAEF}.AppStore|x86.ActiveCfg = AppStore|iPhone
		{1D70904B-0181-4119-AA5E-1173372DBAEF}.AppStore|x86.Build.0 = AppStore|iPhone
		{1D70904B-0181-4119-AA5E-1173372DBAEF}.AppStore|x86.Deploy.0 = AppStore|iPhone
		{1D70904B-0181-4119-AA5E-1173372DBAEF}.Debug|Any CPU.ActiveCfg = Debug|iPhoneSimulator
		{1D70904B-0181-4119-AA5E-1173372DBAEF}.Debug|Any CPU.Build.0 = Debug|iPhoneSimulator
		{1D70904B-0181-4119-AA5E-1173372DBAEF}.Debug|Any CPU.Deploy.0 = Debug|iPhoneSimulator
		{1D70904B-0181-4119-AA5E-1173372DBAEF}.Debug|ARM.ActiveCfg = Debug|iPhone
		{1D70904B-0181-4119-AA5E-1173372DBAEF}.Debug|ARM.Build.0 = Debug|iPhone
		{1D70904B-0181-4119-AA5E-1173372DBAEF}.Debug|ARM.Deploy.0 = Debug|iPhone
		{1D70904B-0181-4119-AA5E-1173372DBAEF}.Debug|iPhone.ActiveCfg = Debug|iPhone
		{1D70904B-0181-4119-AA5E-1173372DBAEF}.Debug|iPhone.Build.0 = Debug|iPhone
		{1D70904B-0181-4119-AA5E-1173372DBAEF}.Debug|iPhone.Deploy.0 = Debug|iPhone
		{1D70904B-0181-4119-AA5E-1173372DBAEF}.Debug|iPhoneSimulator.ActiveCfg = Debug|iPhoneSimulator
		{1D70904B-0181-4119-AA5E-1173372DBAEF}.Debug|iPhoneSimulator.Build.0 = Debug|iPhoneSimulator
		{1D70904B-0181-4119-AA5E-1173372DBAEF}.Debug|iPhoneSimulator.Deploy.0 = Debug|iPhoneSimulator
		{1D70904B-0181-4119-AA5E-1173372DBAEF}.Debug|x64.ActiveCfg = Debug|iPhone
		{1D70904B-0181-4119-AA5E-1173372DBAEF}.Debug|x64.Build.0 = Debug|iPhone
		{1D70904B-0181-4119-AA5E-1173372DBAEF}.Debug|x64.Deploy.0 = Debug|iPhone
		{1D70904B-0181-4119-AA5E-1173372DBAEF}.Debug|x86.ActiveCfg = Debug|iPhone
		{1D70904B-0181-4119-AA5E-1173372DBAEF}.Debug|x86.Build.0 = Debug|iPhone
		{1D70904B-0181-4119-AA5E-1173372DBAEF}.Debug|x86.Deploy.0 = Debug|iPhone
		{1D70904B-0181-4119-AA5E-1173372DBAEF}.Release|Any CPU.ActiveCfg = Release|iPhone
		{1D70904B-0181-4119-AA5E-1173372DBAEF}.Release|Any CPU.Build.0 = Release|iPhone
		{1D70904B-0181-4119-AA5E-1173372DBAEF}.Release|Any CPU.Deploy.0 = Release|iPhone
		{1D70904B-0181-4119-AA5E-1173372DBAEF}.Release|ARM.ActiveCfg = Release|iPhone
		{1D70904B-0181-4119-AA5E-1173372DBAEF}.Release|ARM.Build.0 = Release|iPhone
		{1D70904B-0181-4119-AA5E-1173372DBAEF}.Release|ARM.Deploy.0 = Release|iPhone
		{1D70904B-0181-4119-AA5E-1173372DBAEF}.Release|iPhone.ActiveCfg = Release|iPhone
		{1D70904B-0181-4119-AA5E-1173372DBAEF}.Release|iPhone.Build.0 = Release|iPhone
		{1D70904B-0181-4119-AA5E-1173372DBAEF}.Release|iPhone.Deploy.0 = Release|iPhone
		{1D70904B-0181-4119-AA5E-1173372DBAEF}.Release|iPhoneSimulator.ActiveCfg = Release|iPhoneSimulator
		{1D70904B-0181-4119-AA5E-1173372DBAEF}.Release|iPhoneSimulator.Build.0 = Release|iPhoneSimulator
		{1D70904B-0181-4119-AA5E-1173372DBAEF}.Release|iPhoneSimulator.Deploy.0 = Release|iPhoneSimulator
		{1D70904B-0181-4119-AA5E-1173372DBAEF}.Release|x64.ActiveCfg = Release|iPhone
		{1D70904B-0181-4119-AA5E-1173372DBAEF}.Release|x64.Build.0 = Release|iPhone
		{1D70904B-0181-4119-AA5E-1173372DBAEF}.Release|x64.Deploy.0 = Release|iPhone
		{1D70904B-0181-4119-AA5E-1173372DBAEF}.Release|x86.ActiveCfg = Release|iPhone
		{1D70904B-0181-4119-AA5E-1173372DBAEF}.Release|x86.Build.0 = Release|iPhone
		{1D70904B-0181-4119-AA5E-1173372DBAEF}.Release|x86.Deploy.0 = Release|iPhone
		{AC245CB5-9AFF-4109-BEA4-AA71EE5E2A02}.Ad-Hoc|Any CPU.ActiveCfg = Debug|Any CPU
		{AC245CB5-9AFF-4109-BEA4-AA71EE5E2A02}.Ad-Hoc|Any CPU.Build.0 = Debug|Any CPU
		{AC245CB5-9AFF-4109-BEA4-AA71EE5E2A02}.Ad-Hoc|Any CPU.Deploy.0 = Debug|Any CPU
		{AC245CB5-9AFF-4109-BEA4-AA71EE5E2A02}.Ad-Hoc|ARM.ActiveCfg = Debug|Any CPU
		{AC245CB5-9AFF-4109-BEA4-AA71EE5E2A02}.Ad-Hoc|ARM.Build.0 = Debug|Any CPU
		{AC245CB5-9AFF-4109-BEA4-AA71EE5E2A02}.Ad-Hoc|ARM.Deploy.0 = Debug|Any CPU
		{AC245CB5-9AFF-4109-BEA4-AA71EE5E2A02}.Ad-Hoc|iPhone.ActiveCfg = Debug|Any CPU
		{AC245CB5-9AFF-4109-BEA4-AA71EE5E2A02}.Ad-Hoc|iPhone.Build.0 = Debug|Any CPU
		{AC245CB5-9AFF-4109-BEA4-AA71EE5E2A02}.Ad-Hoc|iPhone.Deploy.0 = Debug|Any CPU
		{AC245CB5-9AFF-4109-BEA4-AA71EE5E2A02}.Ad-Hoc|iPhoneSimulator.ActiveCfg = Debug|Any CPU
		{AC245CB5-9AFF-4109-BEA4-AA71EE5E2A02}.Ad-Hoc|iPhoneSimulator.Build.0 = Debug|Any CPU
		{AC245CB5-9AFF-4109-BEA4-AA71EE5E2A02}.Ad-Hoc|iPhoneSimulator.Deploy.0 = Debug|Any CPU
		{AC245CB5-9AFF-4109-BEA4-AA71EE5E2A02}.Ad-Hoc|x64.ActiveCfg = Debug|Any CPU
		{AC245CB5-9AFF-4109-BEA4-AA71EE5E2A02}.Ad-Hoc|x64.Build.0 = Debug|Any CPU
		{AC245CB5-9AFF-4109-BEA4-AA71EE5E2A02}.Ad-Hoc|x64.Deploy.0 = Debug|Any CPU
		{AC245CB5-9AFF-4109-BEA4-AA71EE5E2A02}.Ad-Hoc|x86.ActiveCfg = Debug|Any CPU
		{AC245CB5-9AFF-4109-BEA4-AA71EE5E2A02}.Ad-Hoc|x86.Build.0 = Debug|Any CPU
		{AC245CB5-9AFF-4109-BEA4-AA71EE5E2A02}.Ad-Hoc|x86.Deploy.0 = Debug|Any CPU
		{AC245CB5-9AFF-4109-BEA4-AA71EE5E2A02}.AppStore|Any CPU.ActiveCfg = Debug|Any CPU
		{AC245CB5-9AFF-4109-BEA4-AA71EE5E2A02}.AppStore|Any CPU.Build.0 = Debug|Any CPU
		{AC245CB5-9AFF-4109-BEA4-AA71EE5E2A02}.AppStore|Any CPU.Deploy.0 = Debug|Any CPU
		{AC245CB5-9AFF-4109-BEA4-AA71EE5E2A02}.AppStore|ARM.ActiveCfg = Debug|Any CPU
		{AC245CB5-9AFF-4109-BEA4-AA71EE5E2A02}.AppStore|ARM.Build.0 = Debug|Any CPU
		{AC245CB5-9AFF-4109-BEA4-AA71EE5E2A02}.AppStore|ARM.Deploy.0 = Debug|Any CPU
		{AC245CB5-9AFF-4109-BEA4-AA71EE5E2A02}.AppStore|iPhone.ActiveCfg = Debug|Any CPU
		{AC245CB5-9AFF-4109-BEA4-AA71EE5E2A02}.AppStore|iPhone.Build.0 = Debug|Any CPU
		{AC245CB5-9AFF-4109-BEA4-AA71EE5E2A02}.AppStore|iPhone.Deploy.0 = Debug|Any CPU
		{AC245CB5-9AFF-4109-BEA4-AA71EE5E2A02}.AppStore|iPhoneSimulator.ActiveCfg = Debug|Any CPU
		{AC245CB5-9AFF-4109-BEA4-AA71EE5E2A02}.AppStore|iPhoneSimulator.Build.0 = Debug|Any CPU
		{AC245CB5-9AFF-4109-BEA4-AA71EE5E2A02}.AppStore|iPhoneSimulator.Deploy.0 = Debug|Any CPU
		{AC245CB5-9AFF-4109-BEA4-AA71EE5E2A02}.AppStore|x64.ActiveCfg = Debug|Any CPU
		{AC245CB5-9AFF-4109-BEA4-AA71EE5E2A02}.AppStore|x64.Build.0 = Debug|Any CPU
		{AC245CB5-9AFF-4109-BEA4-AA71EE5E2A02}.AppStore|x64.Deploy.0 = Debug|Any CPU
		{AC245CB5-9AFF-4109-BEA4-AA71EE5E2A02}.AppStore|x86.ActiveCfg = Debug|Any CPU
		{AC245CB5-9AFF-4109-BEA4-AA71EE5E2A02}.AppStore|x86.Build.0 = Debug|Any CPU
		{AC245CB5-9AFF-4109-BEA4-AA71EE5E2A02}.AppStore|x86.Deploy.0 = Debug|Any CPU
		{AC245CB5-9AFF-4109-BEA4-AA71EE5E2A02}.Debug|Any CPU.ActiveCfg = Debug|Any CPU
		{AC245CB5-9AFF-4109-BEA4-AA71EE5E2A02}.Debug|Any CPU.Build.0 = Debug|Any CPU
		{AC245CB5-9AFF-4109-BEA4-AA71EE5E2A02}.Debug|Any CPU.Deploy.0 = Debug|Any CPU
		{AC245CB5-9AFF-4109-BEA4-AA71EE5E2A02}.Debug|ARM.ActiveCfg = Debug|Any CPU
		{AC245CB5-9AFF-4109-BEA4-AA71EE5E2A02}.Debug|ARM.Build.0 = Debug|Any CPU
		{AC245CB5-9AFF-4109-BEA4-AA71EE5E2A02}.Debug|ARM.Deploy.0 = Debug|Any CPU
		{AC245CB5-9AFF-4109-BEA4-AA71EE5E2A02}.Debug|iPhone.ActiveCfg = Debug|Any CPU
		{AC245CB5-9AFF-4109-BEA4-AA71EE5E2A02}.Debug|iPhone.Build.0 = Debug|Any CPU
		{AC245CB5-9AFF-4109-BEA4-AA71EE5E2A02}.Debug|iPhone.Deploy.0 = Debug|Any CPU
		{AC245CB5-9AFF-4109-BEA4-AA71EE5E2A02}.Debug|iPhoneSimulator.ActiveCfg = Debug|Any CPU
		{AC245CB5-9AFF-4109-BEA4-AA71EE5E2A02}.Debug|iPhoneSimulator.Build.0 = Debug|Any CPU
		{AC245CB5-9AFF-4109-BEA4-AA71EE5E2A02}.Debug|iPhoneSimulator.Deploy.0 = Debug|Any CPU
		{AC245CB5-9AFF-4109-BEA4-AA71EE5E2A02}.Debug|x64.ActiveCfg = Debug|Any CPU
		{AC245CB5-9AFF-4109-BEA4-AA71EE5E2A02}.Debug|x64.Build.0 = Debug|Any CPU
		{AC245CB5-9AFF-4109-BEA4-AA71EE5E2A02}.Debug|x64.Deploy.0 = Debug|Any CPU
		{AC245CB5-9AFF-4109-BEA4-AA71EE5E2A02}.Debug|x86.ActiveCfg = Debug|Any CPU
		{AC245CB5-9AFF-4109-BEA4-AA71EE5E2A02}.Debug|x86.Build.0 = Debug|Any CPU
		{AC245CB5-9AFF-4109-BEA4-AA71EE5E2A02}.Debug|x86.Deploy.0 = Debug|Any CPU
		{AC245CB5-9AFF-4109-BEA4-AA71EE5E2A02}.Release|Any CPU.ActiveCfg = Release|Any CPU
		{AC245CB5-9AFF-4109-BEA4-AA71EE5E2A02}.Release|Any CPU.Build.0 = Release|Any CPU
		{AC245CB5-9AFF-4109-BEA4-AA71EE5E2A02}.Release|Any CPU.Deploy.0 = Release|Any CPU
		{AC245CB5-9AFF-4109-BEA4-AA71EE5E2A02}.Release|ARM.ActiveCfg = Release|Any CPU
		{AC245CB5-9AFF-4109-BEA4-AA71EE5E2A02}.Release|ARM.Build.0 = Release|Any CPU
		{AC245CB5-9AFF-4109-BEA4-AA71EE5E2A02}.Release|ARM.Deploy.0 = Release|Any CPU
		{AC245CB5-9AFF-4109-BEA4-AA71EE5E2A02}.Release|iPhone.ActiveCfg = Release|Any CPU
		{AC245CB5-9AFF-4109-BEA4-AA71EE5E2A02}.Release|iPhone.Build.0 = Release|Any CPU
		{AC245CB5-9AFF-4109-BEA4-AA71EE5E2A02}.Release|iPhone.Deploy.0 = Release|Any CPU
		{AC245CB5-9AFF-4109-BEA4-AA71EE5E2A02}.Release|iPhoneSimulator.ActiveCfg = Release|Any CPU
		{AC245CB5-9AFF-4109-BEA4-AA71EE5E2A02}.Release|iPhoneSimulator.Build.0 = Release|Any CPU
		{AC245CB5-9AFF-4109-BEA4-AA71EE5E2A02}.Release|iPhoneSimulator.Deploy.0 = Release|Any CPU
		{AC245CB5-9AFF-4109-BEA4-AA71EE5E2A02}.Release|x64.ActiveCfg = Release|Any CPU
		{AC245CB5-9AFF-4109-BEA4-AA71EE5E2A02}.Release|x64.Build.0 = Release|Any CPU
		{AC245CB5-9AFF-4109-BEA4-AA71EE5E2A02}.Release|x64.Deploy.0 = Release|Any CPU
		{AC245CB5-9AFF-4109-BEA4-AA71EE5E2A02}.Release|x86.ActiveCfg = Release|Any CPU
		{AC245CB5-9AFF-4109-BEA4-AA71EE5E2A02}.Release|x86.Build.0 = Release|Any CPU
		{AC245CB5-9AFF-4109-BEA4-AA71EE5E2A02}.Release|x86.Deploy.0 = Release|Any CPU
	EndGlobalSection
	GlobalSection(SolutionProperties) = preSolution
		HideSolutionNode = FALSE
	EndGlobalSection
	GlobalSection(ExtensibilityGlobals) = postSolution
		SolutionGuid = {837A7F65-842C-4107-9EB2-2DB96934972E}
	EndGlobalSection
EndGlobal
